
Microsoft Visual Studio Solution File, Format Version 12.00
# Visual Studio Version 16
VisualStudioVersion = 16.0.29806.167
MinimumVisualStudioVersion = 10.0.40219.1
Project("{FAE04EC0-301F-11D3-BF4B-00C04F79EFBC}") = "Calculator", "Calculator\Calculator.csproj", "{E33EB7A6-EF15-46FC-98DA-2A3803A6E4C9}"
EndProject
Global
	GlobalSection(SolutionConfigurationPlatforms) = preSolution
		Debug|Any CPU = Debug|Any CPU
		Release|Any CPU = Release|Any CPU
	EndGlobalSection
	GlobalSection(ProjectConfigurationPlatforms) = postSolution
		{E33EB7A6-EF15-46FC-98DA-2A3803A6E4C9}.Debug|Any CPU.ActiveCfg = Debug|Any CPU
		{E33EB7A6-EF15-46FC-98DA-2A3803A6E4C9}.Debug|Any CPU.Build.0 = Debug|Any CPU
		{E33EB7A6-EF15-46FC-98DA-2A3803A6E4C9}.Release|Any CPU.ActiveCfg = Release|Any CPU
		{E33EB7A6-EF15-46FC-98DA-2A3803A6E4C9}.Release|Any CPU.Build.0 = Release|Any CPU
	EndGlobalSection
	GlobalSection(SolutionProperties) = preSolution
		HideSolutionNode = FALSE
	EndGlobalSection
	GlobalSection(ExtensibilityGlobals) = postSolution
		SolutionGuid = {F8AB8FFA-E583-43D0-A191-DD152414DCC0}
	EndGlobalSection
EndGlobal
